
Microsoft Visual Studio Solution File, Format Version 12.00
# Visual Studio Version 17
VisualStudioVersion = 17.14.36414.22 d17.14
MinimumVisualStudioVersion = 10.0.40219.1
Project("{FAE04EC0-301F-11D3-BF4B-00C04F79EFBC}") = "PrimerTPObligatorio", "PrimerTPObligatorio.csproj", "{D1C9999E-DFDE-4037-9CC0-81C4BF19A590}"
EndProject
Global
	GlobalSection(SolutionConfigurationPlatforms) = preSolution
		Debug|Any CPU = Debug|Any CPU
		Release|Any CPU = Release|Any CPU
	EndGlobalSection
	GlobalSection(ProjectConfigurationPlatforms) = postSolution
		{D1C9999E-DFDE-4037-9CC0-81C4BF19A590}.Debug|Any CPU.ActiveCfg = Debug|Any CPU
		{D1C9999E-DFDE-4037-9CC0-81C4BF19A590}.Debug|Any CPU.Build.0 = Debug|Any CPU
		{D1C9999E-DFDE-4037-9CC0-81C4BF19A590}.Release|Any CPU.ActiveCfg = Release|Any CPU
		{D1C9999E-DFDE-4037-9CC0-81C4BF19A590}.Release|Any CPU.Build.0 = Release|Any CPU
	EndGlobalSection
	GlobalSection(SolutionProperties) = preSolution
		HideSolutionNode = FALSE
	EndGlobalSection
	GlobalSection(ExtensibilityGlobals) = postSolution
		SolutionGuid = {F59800DD-E391-4CB9-A269-7B2A179C2F9F}
	EndGlobalSection
EndGlobal
